// !$*UTF8*$!
{
	archiveVersion = 1;
	classes = {
	};
	objectVersion = 55;
	objects = {

/* Begin PBXBuildFile section */
		C8CCF188288176910034B79A /* AppDelegate.swift in Sources */ = {isa = PBXBuildFile; fileRef = C8CCF187288176910034B79A /* AppDelegate.swift */; };
		C8CCF18A288176910034B79A /* SceneDelegate.swift in Sources */ = {isa = PBXBuildFile; fileRef = C8CCF189288176910034B79A /* SceneDelegate.swift */; };
		C8CCF18C288176910034B79A /* ViewController.swift in Sources */ = {isa = PBXBuildFile; fileRef = C8CCF18B288176910034B79A /* ViewController.swift */; };
		C8CCF191288176930034B79A /* Assets.xcassets in Resources */ = {isa = PBXBuildFile; fileRef = C8CCF190288176930034B79A /* Assets.xcassets */; };
		C8CCF194288176930034B79A /* LaunchScreen.storyboard in Resources */ = {isa = PBXBuildFile; fileRef = C8CCF192288176930034B79A /* LaunchScreen.storyboard */; };
		C8CCF19E2881770F0034B79A /* MedicModel.swift in Sources */ = {isa = PBXBuildFile; fileRef = C8CCF19D2881770F0034B79A /* MedicModel.swift */; };
		C8CCF1A12881773B0034B79A /* CellsProtocol.swift in Sources */ = {isa = PBXBuildFile; fileRef = C8CCF1A02881773B0034B79A /* CellsProtocol.swift */; };
		C8CCF1A3288177590034B79A /* MedicCategoryCollectionViewCell.swift in Sources */ = {isa = PBXBuildFile; fileRef = C8CCF1A2288177590034B79A /* MedicCategoryCollectionViewCell.swift */; };
		C8CCF1A5288177960034B79A /* MedicsTableViewCell.swift in Sources */ = {isa = PBXBuildFile; fileRef = C8CCF1A4288177960034B79A /* MedicsTableViewCell.swift */; };
		C8CCF1A7288177B00034B79A /* MedicParametrsCollectionViewCell.swift in Sources */ = {isa = PBXBuildFile; fileRef = C8CCF1A6288177B00034B79A /* MedicParametrsCollectionViewCell.swift */; };
/* End PBXBuildFile section */

/* Begin PBXFileReference section */
		C8CCF184288176910034B79A /* MakingConstraintsN3.app */ = {isa = PBXFileReference; explicitFileType = wrapper.application; includeInIndex = 0; path = MakingConstraintsN3.app; sourceTree = BUILT_PRODUCTS_DIR; };
		C8CCF187288176910034B79A /* AppDelegate.swift */ = {isa = PBXFileReference; lastKnownFileType = sourcecode.swift; path = AppDelegate.swift; sourceTree = "<group>"; };
		C8CCF189288176910034B79A /* SceneDelegate.swift */ = {isa = PBXFileReference; lastKnownFileType = sourcecode.swift; path = SceneDelegate.swift; sourceTree = "<group>"; };
		C8CCF18B288176910034B79A /* ViewController.swift */ = {isa = PBXFileReference; lastKnownFileType = sourcecode.swift; path = ViewController.swift; sourceTree = "<group>"; };
		C8CCF190288176930034B79A /* Assets.xcassets */ = {isa = PBXFileReference; lastKnownFileType = folder.assetcatalog; path = Assets.xcassets; sourceTree = "<group>"; };
		C8CCF193288176930034B79A /* Base */ = {isa = PBXFileReference; lastKnownFileType = file.storyboard; name = Base; path = Base.lproj/LaunchScreen.storyboard; sourceTree = "<group>"; };
		C8CCF195288176930034B79A /* Info.plist */ = {isa = PBXFileReference; lastKnownFileType = text.plist.xml; path = Info.plist; sourceTree = "<group>"; };
		C8CCF19D2881770F0034B79A /* MedicModel.swift */ = {isa = PBXFileReference; lastKnownFileType = sourcecode.swift; path = MedicModel.swift; sourceTree = "<group>"; };
		C8CCF1A02881773B0034B79A /* CellsProtocol.swift */ = {isa = PBXFileReference; lastKnownFileType = sourcecode.swift; path = CellsProtocol.swift; sourceTree = "<group>"; };
		C8CCF1A2288177590034B79A /* MedicCategoryCollectionViewCell.swift */ = {isa = PBXFileReference; lastKnownFileType = sourcecode.swift; path = MedicCategoryCollectionViewCell.swift; sourceTree = "<group>"; };
		C8CCF1A4288177960034B79A /* MedicsTableViewCell.swift */ = {isa = PBXFileReference; lastKnownFileType = sourcecode.swift; path = MedicsTableViewCell.swift; sourceTree = "<group>"; };
		C8CCF1A6288177B00034B79A /* MedicParametrsCollectionViewCell.swift */ = {isa = PBXFileReference; lastKnownFileType = sourcecode.swift; path = MedicParametrsCollectionViewCell.swift; sourceTree = "<group>"; };
/* End PBXFileReference section */

/* Begin PBXFrameworksBuildPhase section */
		C8CCF181288176910034B79A /* Frameworks */ = {
			isa = PBXFrameworksBuildPhase;
			buildActionMask = 2147483647;
			files = (
			);
			runOnlyForDeploymentPostprocessing = 0;
		};
/* End PBXFrameworksBuildPhase section */

/* Begin PBXGroup section */
		C8CCF17B288176910034B79A = {
			isa = PBXGroup;
			children = (
				C8CCF186288176910034B79A /* MakingConstraintsN3 */,
				C8CCF185288176910034B79A /* Products */,
			);
			sourceTree = "<group>";
		};
		C8CCF185288176910034B79A /* Products */ = {
			isa = PBXGroup;
			children = (
				C8CCF184288176910034B79A /* MakingConstraintsN3.app */,
			);
			name = Products;
			sourceTree = "<group>";
		};
		C8CCF186288176910034B79A /* MakingConstraintsN3 */ = {
			isa = PBXGroup;
			children = (
				C8CCF19F288177250034B79A /* Cells */,
				C8CCF19B288176F30034B79A /* Controllers */,
				C8CCF19C288176FE0034B79A /* Models */,
				C8CCF187288176910034B79A /* AppDelegate.swift */,
				C8CCF189288176910034B79A /* SceneDelegate.swift */,
				C8CCF190288176930034B79A /* Assets.xcassets */,
				C8CCF192288176930034B79A /* LaunchScreen.storyboard */,
				C8CCF195288176930034B79A /* Info.plist */,
			);
			path = MakingConstraintsN3;
			sourceTree = "<group>";
		};
		C8CCF19B288176F30034B79A /* Controllers */ = {
			isa = PBXGroup;
			children = (
				C8CCF18B288176910034B79A /* ViewController.swift */,
			);
			path = Controllers;
			sourceTree = "<group>";
		};
		C8CCF19C288176FE0034B79A /* Models */ = {
			isa = PBXGroup;
			children = (
				C8CCF19D2881770F0034B79A /* MedicModel.swift */,
			);
			path = Models;
			sourceTree = "<group>";
		};
		C8CCF19F288177250034B79A /* Cells */ = {
			isa = PBXGroup;
			children = (
				C8CCF1A02881773B0034B79A /* CellsProtocol.swift */,
				C8CCF1A2288177590034B79A /* MedicCategoryCollectionViewCell.swift */,
				C8CCF1A4288177960034B79A /* MedicsTableViewCell.swift */,
				C8CCF1A6288177B00034B79A /* MedicParametrsCollectionViewCell.swift */,
			);
			path = Cells;
			sourceTree = "<group>";
		};
/* End PBXGroup section */

/* Begin PBXNativeTarget section */
		C8CCF183288176910034B79A /* MakingConstraintsN3 */ = {
			isa = PBXNativeTarget;
			buildConfigurationList = C8CCF198288176930034B79A /* Build configuration list for PBXNativeTarget "MakingConstraintsN3" */;
			buildPhases = (
				C8CCF180288176910034B79A /* Sources */,
				C8CCF181288176910034B79A /* Frameworks */,
				C8CCF182288176910034B79A /* Resources */,
			);
			buildRules = (
			);
			dependencies = (
			);
			name = MakingConstraintsN3;
			productName = MakingConstraintsN3;
			productReference = C8CCF184288176910034B79A /* MakingConstraintsN3.app */;
			productType = "com.apple.product-type.application";
		};
/* End PBXNativeTarget section */

/* Begin PBXProject section */
		C8CCF17C288176910034B79A /* Project object */ = {
			isa = PBXProject;
			attributes = {
				BuildIndependentTargetsInParallel = 1;
				LastSwiftUpdateCheck = 1340;
				LastUpgradeCheck = 1340;
				TargetAttributes = {
					C8CCF183288176910034B79A = {
						CreatedOnToolsVersion = 13.4.1;
					};
				};
			};
			buildConfigurationList = C8CCF17F288176910034B79A /* Build configuration list for PBXProject "MakingConstraintsN3" */;
			compatibilityVersion = "Xcode 13.0";
			developmentRegion = en;
			hasScannedForEncodings = 0;
			knownRegions = (
				en,
				Base,
			);
			mainGroup = C8CCF17B288176910034B79A;
			productRefGroup = C8CCF185288176910034B79A /* Products */;
			projectDirPath = "";
			projectRoot = "";
			targets = (
				C8CCF183288176910034B79A /* MakingConstraintsN3 */,
			);
		};
/* End PBXProject section */

/* Begin PBXResourcesBuildPhase section */
		C8CCF182288176910034B79A /* Resources */ = {
			isa = PBXResourcesBuildPhase;
			buildActionMask = 2147483647;
			files = (
				C8CCF194288176930034B79A /* LaunchScreen.storyboard in Resources */,
				C8CCF191288176930034B79A /* Assets.xcassets in Resources */,
			);
			runOnlyForDeploymentPostprocessing = 0;
		};
/* End PBXResourcesBuildPhase section */

/* Begin PBXSourcesBuildPhase section */
		C8CCF180288176910034B79A /* Sources */ = {
			isa = PBXSourcesBuildPhase;
			buildActionMask = 2147483647;
			files = (
				C8CCF18C288176910034B79A /* ViewController.swift in Sources */,
				C8CCF1A7288177B00034B79A /* MedicParametrsCollectionViewCell.swift in Sources */,
				C8CCF1A12881773B0034B79A /* CellsProtocol.swift in Sources */,
				C8CCF1A5288177960034B79A /* MedicsTableViewCell.swift in Sources */,
				C8CCF188288176910034B79A /* AppDelegate.swift in Sources */,
				C8CCF19E2881770F0034B79A /* MedicModel.swift in Sources */,
				C8CCF18A288176910034B79A /* SceneDelegate.swift in Sources */,
				C8CCF1A3288177590034B79A /* MedicCategoryCollectionViewCell.swift in Sources */,
			);
			runOnlyForDeploymentPostprocessing = 0;
		};
/* End PBXSourcesBuildPhase section */

/* Begin PBXVariantGroup section */
		C8CCF192288176930034B79A /* LaunchScreen.storyboard */ = {
			isa = PBXVariantGroup;
			children = (
				C8CCF193288176930034B79A /* Base */,
			);
			name = LaunchScreen.storyboard;
			sourceTree = "<group>";
		};
/* End PBXVariantGroup section */

/* Begin XCBuildConfiguration section */
		C8CCF196288176930034B79A /* Debug */ = {
			isa = XCBuildConfiguration;
			buildSettings = {
				ALWAYS_SEARCH_USER_PATHS = NO;
				CLANG_ANALYZER_NONNULL = YES;
				CLANG_ANALYZER_NUMBER_OBJECT_CONVERSION = YES_AGGRESSIVE;
				CLANG_CXX_LANGUAGE_STANDARD = "gnu++17";
				CLANG_ENABLE_MODULES = YES;
				CLANG_ENABLE_OBJC_ARC = YES;
				CLANG_ENABLE_OBJC_WEAK = YES;
				CLANG_WARN_BLOCK_CAPTURE_AUTORELEASING = YES;
				CLANG_WARN_BOOL_CONVERSION = YES;
				CLANG_WARN_COMMA = YES;
				CLANG_WARN_CONSTANT_CONVERSION = YES;
				CLANG_WARN_DEPRECATED_OBJC_IMPLEMENTATIONS = YES;
				CLANG_WARN_DIRECT_OBJC_ISA_USAGE = YES_ERROR;
				CLANG_WARN_DOCUMENTATION_COMMENTS = YES;
				CLANG_WARN_EMPTY_BODY = YES;
				CLANG_WARN_ENUM_CONVERSION = YES;
				CLANG_WARN_INFINITE_RECURSION = YES;
				CLANG_WARN_INT_CONVERSION = YES;
				CLANG_WARN_NON_LITERAL_NULL_CONVERSION = YES;
				CLANG_WARN_OBJC_IMPLICIT_RETAIN_SELF = YES;
				CLANG_WARN_OBJC_LITERAL_CONVERSION = YES;
				CLANG_WARN_OBJC_ROOT_CLASS = YES_ERROR;
				CLANG_WARN_QUOTED_INCLUDE_IN_FRAMEWORK_HEADER = YES;
				CLANG_WARN_RANGE_LOOP_ANALYSIS = YES;
				CLANG_WARN_STRICT_PROTOTYPES = YES;
				CLANG_WARN_SUSPICIOUS_MOVE = YES;
				CLANG_WARN_UNGUARDED_AVAILABILITY = YES_AGGRESSIVE;
				CLANG_WARN_UNREACHABLE_CODE = YES;
				CLANG_WARN__DUPLICATE_METHOD_MATCH = YES;
				COPY_PHASE_STRIP = NO;
				DEBUG_INFORMATION_FORMAT = dwarf;
				ENABLE_STRICT_OBJC_MSGSEND = YES;
				ENABLE_TESTABILITY = YES;
				GCC_C_LANGUAGE_STANDARD = gnu11;
				GCC_DYNAMIC_NO_PIC = NO;
				GCC_NO_COMMON_BLOCKS = YES;
				GCC_OPTIMIZATION_LEVEL = 0;
				GCC_PREPROCESSOR_DEFINITIONS = (
					"DEBUG=1",
					"$(inherited)",
				);
				GCC_WARN_64_TO_32_BIT_CONVERSION = YES;
				GCC_WARN_ABOUT_RETURN_TYPE = YES_ERROR;
				GCC_WARN_UNDECLARED_SELECTOR = YES;
				GCC_WARN_UNINITIALIZED_AUTOS = YES_AGGRESSIVE;
				GCC_WARN_UNUSED_FUNCTION = YES;
				GCC_WARN_UNUSED_VARIABLE = YES;
				IPHONEOS_DEPLOYMENT_TARGET = 15.5;
				MTL_ENABLE_DEBUG_INFO = INCLUDE_SOURCE;
				MTL_FAST_MATH = YES;
				ONLY_ACTIVE_ARCH = YES;
				SDKROOT = iphoneos;
				SWIFT_ACTIVE_COMPILATION_CONDITIONS = DEBUG;
				SWIFT_OPTIMIZATION_LEVEL = "-Onone";
			};
			name = Debug;
		};
		C8CCF197288176930034B79A /* Release */ = {
			isa = XCBuildConfiguration;
			buildSettings = {
				ALWAYS_SEARCH_USER_PATHS = NO;
				CLANG_ANALYZER_NONNULL = YES;
				CLANG_ANALYZER_NUMBER_OBJECT_CONVERSION = YES_AGGRESSIVE;
				CLANG_CXX_LANGUAGE_STANDARD = "gnu++17";
				CLANG_ENABLE_MODULES = YES;
				CLANG_ENABLE_OBJC_ARC = YES;
				CLANG_ENABLE_OBJC_WEAK = YES;
				CLANG_WARN_BLOCK_CAPTURE_AUTORELEASING = YES;
				CLANG_WARN_BOOL_CONVERSION = YES;
				CLANG_WARN_COMMA = YES;
				CLANG_WARN_CONSTANT_CONVERSION = YES;
				CLANG_WARN_DEPRECATED_OBJC_IMPLEMENTATIONS = YES;
				CLANG_WARN_DIRECT_OBJC_ISA_USAGE = YES_ERROR;
				CLANG_WARN_DOCUMENTATION_COMMENTS = YES;
				CLANG_WARN_EMPTY_BODY = YES;
				CLANG_WARN_ENUM_CONVERSION = YES;
				CLANG_WARN_INFINITE_RECURSION = YES;
				CLANG_WARN_INT_CONVERSION = YES;
				CLANG_WARN_NON_LITERAL_NULL_CONVERSION = YES;
				CLANG_WARN_OBJC_IMPLICIT_RETAIN_SELF = YES;
				CLANG_WARN_OBJC_LITERAL_CONVERSION = YES;
				CLANG_WARN_OBJC_ROOT_CLASS = YES_ERROR;
				CLANG_WARN_QUOTED_INCLUDE_IN_FRAMEWORK_HEADER = YES;
				CLANG_WARN_RANGE_LOOP_ANALYSIS = YES;
				CLANG_WARN_STRICT_PROTOTYPES = YES;
				CLANG_WARN_SUSPICIOUS_MOVE = YES;
				CLANG_WARN_UNGUARDED_AVAILABILITY = YES_AGGRESSIVE;
				CLANG_WARN_UNREACHABLE_CODE = YES;
				CLANG_WARN__DUPLICATE_METHOD_MATCH = YES;
				COPY_PHASE_STRIP = NO;
				DEBUG_INFORMATION_FORMAT = "dwarf-with-dsym";
				ENABLE_NS_ASSERTIONS = NO;
				ENABLE_STRICT_OBJC_MSGSEND = YES;
				GCC_C_LANGUAGE_STANDARD = gnu11;
				GCC_NO_COMMON_BLOCKS = YES;
				GCC_WARN_64_TO_32_BIT_CONVERSION = YES;
				GCC_WARN_ABOUT_RETURN_TYPE = YES_ERROR;
				GCC_WARN_UNDECLARED_SELECTOR = YES;
				GCC_WARN_UNINITIALIZED_AUTOS = YES_AGGRESSIVE;
				GCC_WARN_UNUSED_FUNCTION = YES;
				GCC_WARN_UNUSED_VARIABLE = YES;
				IPHONEOS_DEPLOYMENT_TARGET = 15.5;
				MTL_ENABLE_DEBUG_INFO = NO;
				MTL_FAST_MATH = YES;
				SDKROOT = iphoneos;
				SWIFT_COMPILATION_MODE = wholemodule;
				SWIFT_OPTIMIZATION_LEVEL = "-O";
				VALIDATE_PRODUCT = YES;
			};
			name = Release;
		};
		C8CCF199288176930034B79A /* Debug */ = {
			isa = XCBuildConfiguration;
			buildSettings = {
				ASSETCATALOG_COMPILER_APPICON_NAME = AppIcon;
				ASSETCATALOG_COMPILER_GLOBAL_ACCENT_COLOR_NAME = AccentColor;
				CODE_SIGN_STYLE = Automatic;
				CURRENT_PROJECT_VERSION = 1;
				DEVELOPMENT_TEAM = DNWTGQUU5Z;
				GENERATE_INFOPLIST_FILE = YES;
				INFOPLIST_FILE = MakingConstraintsN3/Info.plist;
				INFOPLIST_KEY_UIApplicationSupportsIndirectInputEvents = YES;
				INFOPLIST_KEY_UILaunchStoryboardName = LaunchScreen;
				INFOPLIST_KEY_UISupportedInterfaceOrientations_iPad = "UIInterfaceOrientationPortrait UIInterfaceOrientationPortraitUpsideDown UIInterfaceOrientationLandscapeLeft UIInterfaceOrientationLandscapeRight";
				INFOPLIST_KEY_UISupportedInterfaceOrientations_iPhone = "UIInterfaceOrientationPortrait UIInterfaceOrientationLandscapeLeft UIInterfaceOrientationLandscapeRight";
				LD_RUNPATH_SEARCH_PATHS = (
					"$(inherited)",
					"@executable_path/Frameworks",
				);
				MARKETING_VERSION = 1.0;
				PRODUCT_BUNDLE_IDENTIFIER = KavaleuskiI.MakingConstraintsN3;
				PRODUCT_NAME = "$(TARGET_NAME)";
				SWIFT_EMIT_LOC_STRINGS = YES;
				SWIFT_VERSION = 5.0;
				TARGETED_DEVICE_FAMILY = "1,2";
			};
			name = Debug;
		};
		C8CCF19A288176930034B79A /* Release */ = {
			isa = XCBuildConfiguration;
			buildSettings = {
				ASSETCATALOG_COMPILER_APPICON_NAME = AppIcon;
				ASSETCATALOG_COMPILER_GLOBAL_ACCENT_COLOR_NAME = AccentColor;
				CODE_SIGN_STYLE = Automatic;
				CURRENT_PROJECT_VERSION = 1;
				DEVELOPMENT_TEAM = DNWTGQUU5Z;
				GENERATE_INFOPLIST_FILE = YES;
				INFOPLIST_FILE = MakingConstraintsN3/Info.plist;
				INFOPLIST_KEY_UIApplicationSupportsIndirectInputEvents = YES;
				INFOPLIST_KEY_UILaunchStoryboardName = LaunchScreen;
				INFOPLIST_KEY_UISupportedInterfaceOrientations_iPad = "UIInterfaceOrientationPortrait UIInterfaceOrientationPortraitUpsideDown UIInterfaceOrientationLandscapeLeft UIInterfaceOrientationLandscapeRight";
				INFOPLIST_KEY_UISupportedInterfaceOrientations_iPhone = "UIInterfaceOrientationPortrait UIInterfaceOrientationLandscapeLeft UIInterfaceOrientationLandscapeRight";
				LD_RUNPATH_SEARCH_PATHS = (
					"$(inherited)",
					"@executable_path/Frameworks",
				);
				MARKETING_VERSION = 1.0;
				PRODUCT_BUNDLE_IDENTIFIER = KavaleuskiI.MakingConstraintsN3;
				PRODUCT_NAME = "$(TARGET_NAME)";
				SWIFT_EMIT_LOC_STRINGS = YES;
				SWIFT_VERSION = 5.0;
				TARGETED_DEVICE_FAMILY = "1,2";
			};
			name = Release;
		};
/* End XCBuildConfiguration section */

/* Begin XCConfigurationList section */
		C8CCF17F288176910034B79A /* Build configuration list for PBXProject "MakingConstraintsN3" */ = {
			isa = XCConfigurationList;
			buildConfigurations = (
				C8CCF196288176930034B79A /* Debug */,
				C8CCF197288176930034B79A /* Release */,
			);
			defaultConfigurationIsVisible = 0;
			defaultConfigurationName = Release;
		};
		C8CCF198288176930034B79A /* Build configuration list for PBXNativeTarget "MakingConstraintsN3" */ = {
			isa = XCConfigurationList;
			buildConfigurations = (
				C8CCF199288176930034B79A /* Debug */,
				C8CCF19A288176930034B79A /* Release */,
			);
			defaultConfigurationIsVisible = 0;
			defaultConfigurationName = Release;
		};
/* End XCConfigurationList section */
	};
	rootObject = C8CCF17C288176910034B79A /* Project object */;
}
